
Microsoft Visual Studio Solution File, Format Version 12.00
# Visual Studio Version 17
VisualStudioVersion = 17.3.32922.545
MinimumVisualStudioVersion = 10.0.40219.1
Project("{FAE04EC0-301F-11D3-BF4B-00C04F79EFBC}") = "Task-1010", "Task-1010\Task-1010.csproj", "{230D6C37-F893-459F-800D-CBE62A6430EB}"
EndProject
Global
	GlobalSection(SolutionConfigurationPlatforms) = preSolution
		Debug|Any CPU = Debug|Any CPU
		Release|Any CPU = Release|Any CPU
	EndGlobalSection
	GlobalSection(ProjectConfigurationPlatforms) = postSolution
		{230D6C37-F893-459F-800D-CBE62A6430EB}.Debug|Any CPU.ActiveCfg = Debug|Any CPU
		{230D6C37-F893-459F-800D-CBE62A6430EB}.Debug|Any CPU.Build.0 = Debug|Any CPU
		{230D6C37-F893-459F-800D-CBE62A6430EB}.Release|Any CPU.ActiveCfg = Release|Any CPU
		{230D6C37-F893-459F-800D-CBE62A6430EB}.Release|Any CPU.Build.0 = Release|Any CPU
	EndGlobalSection
	GlobalSection(SolutionProperties) = preSolution
		HideSolutionNode = FALSE
	EndGlobalSection
	GlobalSection(ExtensibilityGlobals) = postSolution
		SolutionGuid = {2634F4CF-92C2-40C0-80E7-1CD9A00439AB}
	EndGlobalSection
EndGlobal
